// !$*UTF8*$!
{
	archiveVersion = 1;
	classes = {
	};
	objectVersion = 46;
	objects = {

/* Begin PBXBuildFile section */
		4679943E18FF793E00C4487F /* Foundation.framework in Frameworks */ = {isa = PBXBuildFile; fileRef = 4679943D18FF793E00C4487F /* Foundation.framework */; };
		4679944018FF793E00C4487F /* CoreGraphics.framework in Frameworks */ = {isa = PBXBuildFile; fileRef = 4679943F18FF793E00C4487F /* CoreGraphics.framework */; };
		4679944218FF793E00C4487F /* UIKit.framework in Frameworks */ = {isa = PBXBuildFile; fileRef = 4679944118FF793E00C4487F /* UIKit.framework */; };
		4679944818FF793E00C4487F /* InfoPlist.strings in Resources */ = {isa = PBXBuildFile; fileRef = 4679944618FF793E00C4487F /* InfoPlist.strings */; };
		4679944A18FF793E00C4487F /* main.m in Sources */ = {isa = PBXBuildFile; fileRef = 4679944918FF793E00C4487F /* main.m */; };
		4679944E18FF793E00C4487F /* LDLAppDelegate.m in Sources */ = {isa = PBXBuildFile; fileRef = 4679944D18FF793E00C4487F /* LDLAppDelegate.m */; };
		4679945118FF793E00C4487F /* Main.storyboard in Resources */ = {isa = PBXBuildFile; fileRef = 4679944F18FF793E00C4487F /* Main.storyboard */; };
		4679945618FF793E00C4487F /* Images.xcassets in Resources */ = {isa = PBXBuildFile; fileRef = 4679945518FF793E00C4487F /* Images.xcassets */; };
		4679945D18FF793E00C4487F /* XCTest.framework in Frameworks */ = {isa = PBXBuildFile; fileRef = 4679945C18FF793E00C4487F /* XCTest.framework */; };
		4679945E18FF793E00C4487F /* Foundation.framework in Frameworks */ = {isa = PBXBuildFile; fileRef = 4679943D18FF793E00C4487F /* Foundation.framework */; };
		4679945F18FF793E00C4487F /* UIKit.framework in Frameworks */ = {isa = PBXBuildFile; fileRef = 4679944118FF793E00C4487F /* UIKit.framework */; };
		4679947418FF79A300C4487F /* LDLCollectionViewController.m in Sources */ = {isa = PBXBuildFile; fileRef = 4679947318FF79A300C4487F /* LDLCollectionViewController.m */; };
		4679947718FF7A2B00C4487F /* LDLTableView.m in Sources */ = {isa = PBXBuildFile; fileRef = 4679947618FF7A2B00C4487F /* LDLTableView.m */; };
		4679947A18FF7A9700C4487F /* LDLTableViewCell.m in Sources */ = {isa = PBXBuildFile; fileRef = 4679947918FF7A9700C4487F /* LDLTableViewCell.m */; };
		4679947D18FF7C7900C4487F /* LDLCollectionViewCell.m in Sources */ = {isa = PBXBuildFile; fileRef = 4679947C18FF7C7900C4487F /* LDLCollectionViewCell.m */; };
/* End PBXBuildFile section */

/* Begin PBXContainerItemProxy section */
		4679946018FF793E00C4487F /* PBXContainerItemProxy */ = {
			isa = PBXContainerItemProxy;
			containerPortal = 4679943218FF793E00C4487F /* Project object */;
			proxyType = 1;
			remoteGlobalIDString = 4679943918FF793E00C4487F;
			remoteInfo = ExtraCellSelection;
		};
/* End PBXContainerItemProxy section */

/* Begin PBXFileReference section */
		4679943A18FF793E00C4487F /* ExtraCellSelection.app */ = {isa = PBXFileReference; explicitFileType = wrapper.application; includeInIndex = 0; path = ExtraCellSelection.app; sourceTree = BUILT_PRODUCTS_DIR; };
		4679943D18FF793E00C4487F /* Foundation.framework */ = {isa = PBXFileReference; lastKnownFileType = wrapper.framework; name = Foundation.framework; path = System/Library/Frameworks/Foundation.framework; sourceTree = SDKROOT; };
		4679943F18FF793E00C4487F /* CoreGraphics.framework */ = {isa = PBXFileReference; lastKnownFileType = wrapper.framework; name = CoreGraphics.framework; path = System/Library/Frameworks/CoreGraphics.framework; sourceTree = SDKROOT; };
		4679944118FF793E00C4487F /* UIKit.framework */ = {isa = PBXFileReference; lastKnownFileType = wrapper.framework; name = UIKit.framework; path = System/Library/Frameworks/UIKit.framework; sourceTree = SDKROOT; };
		4679944518FF793E00C4487F /* ExtraCellSelection-Info.plist */ = {isa = PBXFileReference; lastKnownFileType = text.plist.xml; path = "ExtraCellSelection-Info.plist"; sourceTree = "<group>"; };
		4679944718FF793E00C4487F /* en */ = {isa = PBXFileReference; lastKnownFileType = text.plist.strings; name = en; path = en.lproj/InfoPlist.strings; sourceTree = "<group>"; };
		4679944918FF793E00C4487F /* main.m */ = {isa = PBXFileReference; lastKnownFileType = sourcecode.c.objc; path = main.m; sourceTree = "<group>"; };
		4679944B18FF793E00C4487F /* ExtraCellSelection-Prefix.pch */ = {isa = PBXFileReference; lastKnownFileType = sourcecode.c.h; path = "ExtraCellSelection-Prefix.pch"; sourceTree = "<group>"; };
		4679944C18FF793E00C4487F /* LDLAppDelegate.h */ = {isa = PBXFileReference; lastKnownFileType = sourcecode.c.h; path = LDLAppDelegate.h; sourceTree = "<group>"; };
		4679944D18FF793E00C4487F /* LDLAppDelegate.m */ = {isa = PBXFileReference; lastKnownFileType = sourcecode.c.objc; path = LDLAppDelegate.m; sourceTree = "<group>"; };
		4679945018FF793E00C4487F /* Base */ = {isa = PBXFileReference; lastKnownFileType = file.storyboard; name = Base; path = Base.lproj/Main.storyboard; sourceTree = "<group>"; };
		4679945518FF793E00C4487F /* Images.xcassets */ = {isa = PBXFileReference; lastKnownFileType = folder.assetcatalog; path = Images.xcassets; sourceTree = "<group>"; };
		4679945B18FF793E00C4487F /* ExtraCellSelectionTests.xctest */ = {isa = PBXFileReference; explicitFileType = wrapper.cfbundle; includeInIndex = 0; path = ExtraCellSelectionTests.xctest; sourceTree = BUILT_PRODUCTS_DIR; };
		4679945C18FF793E00C4487F /* XCTest.framework */ = {isa = PBXFileReference; lastKnownFileType = wrapper.framework; name = XCTest.framework; path = Library/Frameworks/XCTest.framework; sourceTree = DEVELOPER_DIR; };
		4679947218FF79A300C4487F /* LDLCollectionViewController.h */ = {isa = PBXFileReference; fileEncoding = 4; lastKnownFileType = sourcecode.c.h; path = LDLCollectionViewController.h; sourceTree = "<group>"; };
		4679947318FF79A300C4487F /* LDLCollectionViewController.m */ = {isa = PBXFileReference; fileEncoding = 4; lastKnownFileType = sourcecode.c.objc; path = LDLCollectionViewController.m; sourceTree = "<group>"; };
		4679947518FF7A2B00C4487F /* LDLTableView.h */ = {isa = PBXFileReference; fileEncoding = 4; lastKnownFileType = sourcecode.c.h; path = LDLTableView.h; sourceTree = "<group>"; };
		4679947618FF7A2B00C4487F /* LDLTableView.m */ = {isa = PBXFileReference; fileEncoding = 4; lastKnownFileType = sourcecode.c.objc; path = LDLTableView.m; sourceTree = "<group>"; };
		4679947818FF7A9700C4487F /* LDLTableViewCell.h */ = {isa = PBXFileReference; fileEncoding = 4; lastKnownFileType = sourcecode.c.h; path = LDLTableViewCell.h; sourceTree = "<group>"; };
		4679947918FF7A9700C4487F /* LDLTableViewCell.m */ = {isa = PBXFileReference; fileEncoding = 4; lastKnownFileType = sourcecode.c.objc; path = LDLTableViewCell.m; sourceTree = "<group>"; };
		4679947B18FF7C7900C4487F /* LDLCollectionViewCell.h */ = {isa = PBXFileReference; fileEncoding = 4; lastKnownFileType = sourcecode.c.h; path = LDLCollectionViewCell.h; sourceTree = "<group>"; };
		4679947C18FF7C7900C4487F /* LDLCollectionViewCell.m */ = {isa = PBXFileReference; fileEncoding = 4; lastKnownFileType = sourcecode.c.objc; path = LDLCollectionViewCell.m; sourceTree = "<group>"; };
/* End PBXFileReference section */

/* Begin PBXFrameworksBuildPhase section */
		4679943718FF793E00C4487F /* Frameworks */ = {
			isa = PBXFrameworksBuildPhase;
			buildActionMask = 2147483647;
			files = (
				4679944018FF793E00C4487F /* CoreGraphics.framework in Frameworks */,
				4679944218FF793E00C4487F /* UIKit.framework in Frameworks */,
				4679943E18FF793E00C4487F /* Foundation.framework in Frameworks */,
			);
			runOnlyForDeploymentPostprocessing = 0;
		};
		4679945818FF793E00C4487F /* Frameworks */ = {
			isa = PBXFrameworksBuildPhase;
			buildActionMask = 2147483647;
			files = (
				4679945D18FF793E00C4487F /* XCTest.framework in Frameworks */,
				4679945F18FF793E00C4487F /* UIKit.framework in Frameworks */,
				4679945E18FF793E00C4487F /* Foundation.framework in Frameworks */,
			);
			runOnlyForDeploymentPostprocessing = 0;
		};
/* End PBXFrameworksBuildPhase section */

/* Begin PBXGroup section */
		4679943118FF793E00C4487F = {
			isa = PBXGroup;
			children = (
				4679944318FF793E00C4487F /* ExtraCellSelection */,
				4679943C18FF793E00C4487F /* Frameworks */,
				4679943B18FF793E00C4487F /* Products */,
			);
			sourceTree = "<group>";
		};
		4679943B18FF793E00C4487F /* Products */ = {
			isa = PBXGroup;
			children = (
				4679943A18FF793E00C4487F /* ExtraCellSelection.app */,
				4679945B18FF793E00C4487F /* ExtraCellSelectionTests.xctest */,
			);
			name = Products;
			sourceTree = "<group>";
		};
		4679943C18FF793E00C4487F /* Frameworks */ = {
			isa = PBXGroup;
			children = (
				4679943D18FF793E00C4487F /* Foundation.framework */,
				4679943F18FF793E00C4487F /* CoreGraphics.framework */,
				4679944118FF793E00C4487F /* UIKit.framework */,
				4679945C18FF793E00C4487F /* XCTest.framework */,
			);
			name = Frameworks;
			sourceTree = "<group>";
		};
		4679944318FF793E00C4487F /* ExtraCellSelection */ = {
			isa = PBXGroup;
			children = (
				4679944C18FF793E00C4487F /* LDLAppDelegate.h */,
				4679944D18FF793E00C4487F /* LDLAppDelegate.m */,
				4679944F18FF793E00C4487F /* Main.storyboard */,
				4679947218FF79A300C4487F /* LDLCollectionViewController.h */,
				4679947318FF79A300C4487F /* LDLCollectionViewController.m */,
				4679947B18FF7C7900C4487F /* LDLCollectionViewCell.h */,
				4679947C18FF7C7900C4487F /* LDLCollectionViewCell.m */,
				4679947518FF7A2B00C4487F /* LDLTableView.h */,
				4679947618FF7A2B00C4487F /* LDLTableView.m */,
				4679947818FF7A9700C4487F /* LDLTableViewCell.h */,
				4679947918FF7A9700C4487F /* LDLTableViewCell.m */,
				4679945518FF793E00C4487F /* Images.xcassets */,
				4679944418FF793E00C4487F /* Supporting Files */,
			);
			path = ExtraCellSelection;
			sourceTree = "<group>";
		};
		4679944418FF793E00C4487F /* Supporting Files */ = {
			isa = PBXGroup;
			children = (
				4679944518FF793E00C4487F /* ExtraCellSelection-Info.plist */,
				4679944618FF793E00C4487F /* InfoPlist.strings */,
				4679944918FF793E00C4487F /* main.m */,
				4679944B18FF793E00C4487F /* ExtraCellSelection-Prefix.pch */,
			);
			name = "Supporting Files";
			sourceTree = "<group>";
		};
/* End PBXGroup section */

/* Begin PBXNativeTarget section */
		4679943918FF793E00C4487F /* ExtraCellSelection */ = {
			isa = PBXNativeTarget;
			buildConfigurationList = 4679946C18FF793E00C4487F /* Build configuration list for PBXNativeTarget "ExtraCellSelection" */;
			buildPhases = (
				4679943618FF793E00C4487F /* Sources */,
				4679943718FF793E00C4487F /* Frameworks */,
				4679943818FF793E00C4487F /* Resources */,
			);
			buildRules = (
			);
			dependencies = (
			);
			name = ExtraCellSelection;
			productName = ExtraCellSelection;
			productReference = 4679943A18FF793E00C4487F /* ExtraCellSelection.app */;
			productType = "com.apple.product-type.application";
		};
		4679945A18FF793E00C4487F /* ExtraCellSelectionTests */ = {
			isa = PBXNativeTarget;
			buildConfigurationList = 4679946F18FF793E00C4487F /* Build configuration list for PBXNativeTarget "ExtraCellSelectionTests" */;
			buildPhases = (
				4679945718FF793E00C4487F /* Sources */,
				4679945818FF793E00C4487F /* Frameworks */,
				4679945918FF793E00C4487F /* Resources */,
			);
			buildRules = (
			);
			dependencies = (
				4679946118FF793E00C4487F /* PBXTargetDependency */,
			);
			name = ExtraCellSelectionTests;
			productName = ExtraCellSelectionTests;
			productReference = 4679945B18FF793E00C4487F /* ExtraCellSelectionTests.xctest */;
			productType = "com.apple.product-type.bundle.unit-test";
		};
/* End PBXNativeTarget section */

/* Begin PBXProject section */
		4679943218FF793E00C4487F /* Project object */ = {
			isa = PBXProject;
			attributes = {
				CLASSPREFIX = LDL;
				LastUpgradeCheck = 0510;
				ORGANIZATIONNAME = "Lucky Dog Labs";
				TargetAttributes = {
					4679945A18FF793E00C4487F = {
						TestTargetID = 4679943918FF793E00C4487F;
					};
				};
			};
			buildConfigurationList = 4679943518FF793E00C4487F /* Build configuration list for PBXProject "ExtraCellSelection" */;
			compatibilityVersion = "Xcode 3.2";
			developmentRegion = English;
			hasScannedForEncodings = 0;
			knownRegions = (
				en,
				Base,
			);
			mainGroup = 4679943118FF793E00C4487F;
			productRefGroup = 4679943B18FF793E00C4487F /* Products */;
			projectDirPath = "";
			projectRoot = "";
			targets = (
				4679943918FF793E00C4487F /* ExtraCellSelection */,
				4679945A18FF793E00C4487F /* ExtraCellSelectionTests */,
			);
		};
/* End PBXProject section */

/* Begin PBXResourcesBuildPhase section */
		4679943818FF793E00C4487F /* Resources */ = {
			isa = PBXResourcesBuildPhase;
			buildActionMask = 2147483647;
			files = (
				4679945618FF793E00C4487F /* Images.xcassets in Resources */,
				4679944818FF793E00C4487F /* InfoPlist.strings in Resources */,
				4679945118FF793E00C4487F /* Main.storyboard in Resources */,
			);
			runOnlyForDeploymentPostprocessing = 0;
		};
		4679945918FF793E00C4487F /* Resources */ = {
			isa = PBXResourcesBuildPhase;
			buildActionMask = 2147483647;
			files = (
			);
			runOnlyForDeploymentPostprocessing = 0;
		};
/* End PBXResourcesBuildPhase section */

/* Begin PBXSourcesBuildPhase section */
		4679943618FF793E00C4487F /* Sources */ = {
			isa = PBXSourcesBuildPhase;
			buildActionMask = 2147483647;
			files = (
				4679947718FF7A2B00C4487F /* LDLTableView.m in Sources */,
				4679944A18FF793E00C4487F /* main.m in Sources */,
				4679947418FF79A300C4487F /* LDLCollectionViewController.m in Sources */,
				4679944E18FF793E00C4487F /* LDLAppDelegate.m in Sources */,
				4679947A18FF7A9700C4487F /* LDLTableViewCell.m in Sources */,
				4679947D18FF7C7900C4487F /* LDLCollectionViewCell.m in Sources */,
			);
			runOnlyForDeploymentPostprocessing = 0;
		};
		4679945718FF793E00C4487F /* Sources */ = {
			isa = PBXSourcesBuildPhase;
			buildActionMask = 2147483647;
			files = (
			);
			runOnlyForDeploymentPostprocessing = 0;
		};
/* End PBXSourcesBuildPhase section */

/* Begin PBXTargetDependency section */
		4679946118FF793E00C4487F /* PBXTargetDependency */ = {
			isa = PBXTargetDependency;
			target = 4679943918FF793E00C4487F /* ExtraCellSelection */;
			targetProxy = 4679946018FF793E00C4487F /* PBXContainerItemProxy */;
		};
/* End PBXTargetDependency section */

/* Begin PBXVariantGroup section */
		4679944618FF793E00C4487F /* InfoPlist.strings */ = {
			isa = PBXVariantGroup;
			children = (
				4679944718FF793E00C4487F /* en */,
			);
			name = InfoPlist.strings;
			sourceTree = "<group>";
		};
		4679944F18FF793E00C4487F /* Main.storyboard */ = {
			isa = PBXVariantGroup;
			children = (
				4679945018FF793E00C4487F /* Base */,
			);
			name = Main.storyboard;
			sourceTree = "<group>";
		};
/* End PBXVariantGroup section */

/* Begin XCBuildConfiguration section */
		4679946A18FF793E00C4487F /* Debug */ = {
			isa = XCBuildConfiguration;
			buildSettings = {
				ALWAYS_SEARCH_USER_PATHS = NO;
				CLANG_CXX_LANGUAGE_STANDARD = "gnu++0x";
				CLANG_CXX_LIBRARY = "libc++";
				CLANG_ENABLE_MODULES = YES;
				CLANG_ENABLE_OBJC_ARC = YES;
				CLANG_WARN_BOOL_CONVERSION = YES;
				CLANG_WARN_CONSTANT_CONVERSION = YES;
				CLANG_WARN_DIRECT_OBJC_ISA_USAGE = YES_ERROR;
				CLANG_WARN_EMPTY_BODY = YES;
				CLANG_WARN_ENUM_CONVERSION = YES;
				CLANG_WARN_INT_CONVERSION = YES;
				CLANG_WARN_OBJC_ROOT_CLASS = YES_ERROR;
				CLANG_WARN__DUPLICATE_METHOD_MATCH = YES;
				"CODE_SIGN_IDENTITY[sdk=iphoneos*]" = "iPhone Developer";
				COPY_PHASE_STRIP = NO;
				GCC_C_LANGUAGE_STANDARD = gnu99;
				GCC_DYNAMIC_NO_PIC = NO;
				GCC_OPTIMIZATION_LEVEL = 0;
				GCC_PREPROCESSOR_DEFINITIONS = (
					"DEBUG=1",
					"$(inherited)",
				);
				GCC_SYMBOLS_PRIVATE_EXTERN = NO;
				GCC_WARN_64_TO_32_BIT_CONVERSION = YES;
				GCC_WARN_ABOUT_RETURN_TYPE = YES_ERROR;
				GCC_WARN_UNDECLARED_SELECTOR = YES;
				GCC_WARN_UNINITIALIZED_AUTOS = YES_AGGRESSIVE;
				GCC_WARN_UNUSED_FUNCTION = YES;
				GCC_WARN_UNUSED_VARIABLE = YES;
				IPHONEOS_DEPLOYMENT_TARGET = 7.1;
				ONLY_ACTIVE_ARCH = YES;
				SDKROOT = iphoneos;
			};
			name = Debug;
		};
		4679946B18FF793E00C4487F /* Release */ = {
			isa = XCBuildConfiguration;
			buildSettings = {
				ALWAYS_SEARCH_USER_PATHS = NO;
				CLANG_CXX_LANGUAGE_STANDARD = "gnu++0x";
				CLANG_CXX_LIBRARY = "libc++";
				CLANG_ENABLE_MODULES = YES;
				CLANG_ENABLE_OBJC_ARC = YES;
				CLANG_WARN_BOOL_CONVERSION = YES;
				CLANG_WARN_CONSTANT_CONVERSION = YES;
				CLANG_WARN_DIRECT_OBJC_ISA_USAGE = YES_ERROR;
				CLANG_WARN_EMPTY_BODY = YES;
				CLANG_WARN_ENUM_CONVERSION = YES;
				CLANG_WARN_INT_CONVERSION = YES;
				CLANG_WARN_OBJC_ROOT_CLASS = YES_ERROR;
				CLANG_WARN__DUPLICATE_METHOD_MATCH = YES;
				"CODE_SIGN_IDENTITY[sdk=iphoneos*]" = "iPhone Developer";
				COPY_PHASE_STRIP = YES;
				ENABLE_NS_ASSERTIONS = NO;
				GCC_C_LANGUAGE_STANDARD = gnu99;
				GCC_WARN_64_TO_32_BIT_CONVERSION = YES;
				GCC_WARN_ABOUT_RETURN_TYPE = YES_ERROR;
				GCC_WARN_UNDECLARED_SELECTOR = YES;
				GCC_WARN_UNINITIALIZED_AUTOS = YES_AGGRESSIVE;
				GCC_WARN_UNUSED_FUNCTION = YES;
				GCC_WARN_UNUSED_VARIABLE = YES;
				IPHONEOS_DEPLOYMENT_TARGET = 7.1;
				SDKROOT = iphoneos;
				VALIDATE_PRODUCT = YES;
			};
			name = Release;
		};
		4679946D18FF793E00C4487F /* Debug */ = {
			isa = XCBuildConfiguration;
			buildSettings = {
				ASSETCATALOG_COMPILER_APPICON_NAME = AppIcon;
				ASSETCATALOG_COMPILER_LAUNCHIMAGE_NAME = LaunchImage;
				GCC_PRECOMPILE_PREFIX_HEADER = YES;
				GCC_PREFIX_HEADER = "ExtraCellSelection/ExtraCellSelection-Prefix.pch";
				INFOPLIST_FILE = "ExtraCellSelection/ExtraCellSelection-Info.plist";
				PRODUCT_NAME = "$(TARGET_NAME)";
				WRAPPER_EXTENSION = app;
			};
			name = Debug;
		};
		4679946E18FF793E00C4487F /* Release */ = {
			isa = XCBuildConfiguration;
			buildSettings = {
				ASSETCATALOG_COMPILER_APPICON_NAME = AppIcon;
				ASSETCATALOG_COMPILER_LAUNCHIMAGE_NAME = LaunchImage;
				GCC_PRECOMPILE_PREFIX_HEADER = YES;
				GCC_PREFIX_HEADER = "ExtraCellSelection/ExtraCellSelection-Prefix.pch";
				INFOPLIST_FILE = "ExtraCellSelection/ExtraCellSelection-Info.plist";
				PRODUCT_NAME = "$(TARGET_NAME)";
				WRAPPER_EXTENSION = app;
			};
			name = Release;
		};
		4679947018FF793E00C4487F /* Debug */ = {
			isa = XCBuildConfiguration;
			buildSettings = {
				BUNDLE_LOADER = "$(BUILT_PRODUCTS_DIR)/ExtraCellSelection.app/ExtraCellSelection";
				FRAMEWORK_SEARCH_PATHS = (
					"$(SDKROOT)/Developer/Library/Frameworks",
					"$(inherited)",
					"$(DEVELOPER_FRAMEWORKS_DIR)",
				);
				GCC_PRECOMPILE_PREFIX_HEADER = YES;
				GCC_PREFIX_HEADER = "ExtraCellSelection/ExtraCellSelection-Prefix.pch";
				GCC_PREPROCESSOR_DEFINITIONS = (
					"DEBUG=1",
					"$(inherited)",
				);
				INFOPLIST_FILE = "ExtraCellSelectionTests/ExtraCellSelectionTests-Info.plist";
				PRODUCT_NAME = "$(TARGET_NAME)";
				TEST_HOST = "$(BUNDLE_LOADER)";
				WRAPPER_EXTENSION = xctest;
			};
			name = Debug;
		};
		4679947118FF793E00C4487F /* Release */ = {
			isa = XCBuildConfiguration;
			buildSettings = {
				BUNDLE_LOADER = "$(BUILT_PRODUCTS_DIR)/ExtraCellSelection.app/ExtraCellSelection";
				FRAMEWORK_SEARCH_PATHS = (
					"$(SDKROOT)/Developer/Library/Frameworks",
					"$(inherited)",
					"$(DEVELOPER_FRAMEWORKS_DIR)",
				);
				GCC_PRECOMPILE_PREFIX_HEADER = YES;
				GCC_PREFIX_HEADER = "ExtraCellSelection/ExtraCellSelection-Prefix.pch";
				INFOPLIST_FILE = "ExtraCellSelectionTests/ExtraCellSelectionTests-Info.plist";
				PRODUCT_NAME = "$(TARGET_NAME)";
				TEST_HOST = "$(BUNDLE_LOADER)";
				WRAPPER_EXTENSION = xctest;
			};
			name = Release;
		};
/* End XCBuildConfiguration section */

/* Begin XCConfigurationList section */
		4679943518FF793E00C4487F /* Build configuration list for PBXProject "ExtraCellSelection" */ = {
			isa = XCConfigurationList;
			buildConfigurations = (
				4679946A18FF793E00C4487F /* Debug */,
				4679946B18FF793E00C4487F /* Release */,
			);
			defaultConfigurationIsVisible = 0;
			defaultConfigurationName = Release;
		};
		4679946C18FF793E00C4487F /* Build configuration list for PBXNativeTarget "ExtraCellSelection" */ = {
			isa = XCConfigurationList;
			buildConfigurations = (
				4679946D18FF793E00C4487F /* Debug */,
				4679946E18FF793E00C4487F /* Release */,
			);
			defaultConfigurationIsVisible = 0;
			defaultConfigurationName = Release;
		};
		4679946F18FF793E00C4487F /* Build configuration list for PBXNativeTarget "ExtraCellSelectionTests" */ = {
			isa = XCConfigurationList;
			buildConfigurations = (
				4679947018FF793E00C4487F /* Debug */,
				4679947118FF793E00C4487F /* Release */,
			);
			defaultConfigurationIsVisible = 0;
			defaultConfigurationName = Release;
		};
/* End XCConfigurationList section */
	};
	rootObject = 4679943218FF793E00C4487F /* Project object */;
}
